<?xml version="1.0" encoding="utf-8"?>
<Project ToolsVersion="4.0" xmlns="http://schemas.microsoft.com/developer/msbuild/2003">
  <ItemGroup>
    <ClInclude Include="IVelocityController.h">
      <Filter>headers\movement</Filter>
    </ClInclude>
    <ClInclude Include="SmoothVelocityController.h">
      <Filter>headers\movement</Filter>
    </ClInclude>
    <ClInclude Include="TestVelocityController.h">
      <Filter>headers\movement</Filter>
    </ClInclude>
    <ClInclude Include="..\Utilities\ColorRGB.h">
      <Filter>headers\Utilities</Filter>
    </ClInclude>
    <ClInclude Include="..\Utilities\Debug.h">
      <Filter>headers\Utilities</Filter>
    </ClInclude>
    <ClInclude Include="SDL2Device.h">
      <Filter>headers\Utilities\SDL2Utilities</Filter>
    </ClInclude>
    <ClInclude Include="SDL2PrimitivePainter.h">
      <Filter>headers\Utilities\SDL2Utilities</Filter>
    </ClInclude>
    <ClInclude Include="DrawFunctions.h">
      <Filter>headers</Filter>
    </ClInclude>
    <ClInclude Include="utilities.h">
      <Filter>headers\Utilities</Filter>
    </ClInclude>
    <ClInclude Include="..\Utilities\MathLib\mat2.h">
      <Filter>headers\Utilities\MathLib</Filter>
    </ClInclude>
    <ClInclude Include="..\Utilities\MathLib\MathLib.h">
      <Filter>headers\Utilities\MathLib</Filter>
    </ClInclude>
    <ClInclude Include="..\Utilities\MathLib\pair.h">
      <Filter>headers\Utilities\MathLib</Filter>
    </ClInclude>
    <ClInclude Include="..\Utilities\MathLib\point2.h">
      <Filter>headers\Utilities\MathLib</Filter>
    </ClInclude>
    <ClInclude Include="..\Utilities\MathLib\Types.h">
      <Filter>headers\Utilities\MathLib</Filter>
    </ClInclude>
    <ClInclude Include="..\Utilities\MathLib\vec2.h">
      <Filter>headers\Utilities\MathLib</Filter>
    </ClInclude>
    <ClInclude Include="..\Utilities\MathLib\vec3.h">
      <Filter>headers\Utilities\MathLib</Filter>
    </ClInclude>
    <ClInclude Include="..\Utilities\MathLib\vec4.h">
      <Filter>headers\Utilities\MathLib</Filter>
    </ClInclude>
    <ClInclude Include="SDL2Application.h">
      <Filter>headers</Filter>
    </ClInclude>
  </ItemGroup>
  <ItemGroup>
    <Filter Include="headers">
      <UniqueIdentifier>{6fcbb568-034e-4491-b738-de3c4c9a80cf}</UniqueIdentifier>
    </Filter>
    <Filter Include="sources">
      <UniqueIdentifier>{9f921488-28c0-4195-9407-fc6b30439111}</UniqueIdentifier>
    </Filter>
    <Filter Include="headers\movement">
      <UniqueIdentifier>{c9a41683-5514-4a97-a7d5-3dcb660d2142}</UniqueIdentifier>
    </Filter>
    <Filter Include="headers\Utilities">
      <UniqueIdentifier>{605def63-0282-48c3-968b-befe678be4fc}</UniqueIdentifier>
    </Filter>
    <Filter Include="headers\Utilities\SDL2Utilities">
      <UniqueIdentifier>{555d6dc5-2a51-4dc8-8513-7379cee21a7f}</UniqueIdentifier>
    </Filter>
    <Filter Include="headers\Utilities\MathLib">
      <UniqueIdentifier>{e18da9a7-9dcb-474e-a365-9646e33ad1ec}</UniqueIdentifier>
    </Filter>
  </ItemGroup>
  <ItemGroup>
    <ClCompile Include="Movement.cpp">
      <Filter>sources</Filter>
    </ClCompile>
  </ItemGroup>
</Project>